// !$*UTF8*$!
{
	archiveVersion = 1;
	classes = {
	};
	objectVersion = 50;
	objects = {

/* Begin PBXBuildFile section */
		803ADC8924C6824F0061B405 /* AppDelegate.swift in Sources */ = {isa = PBXBuildFile; fileRef = 803ADC8824C6824F0061B405 /* AppDelegate.swift */; };
		803ADC8B24C6824F0061B405 /* SceneDelegate.swift in Sources */ = {isa = PBXBuildFile; fileRef = 803ADC8A24C6824F0061B405 /* SceneDelegate.swift */; };
		803ADC8D24C6824F0061B405 /* WelcomeVC.swift in Sources */ = {isa = PBXBuildFile; fileRef = 803ADC8C24C6824F0061B405 /* WelcomeVC.swift */; };
		803ADC9024C6824F0061B405 /* Main.storyboard in Resources */ = {isa = PBXBuildFile; fileRef = 803ADC8E24C6824F0061B405 /* Main.storyboard */; };
		803ADC9224C682580061B405 /* Assets.xcassets in Resources */ = {isa = PBXBuildFile; fileRef = 803ADC9124C682580061B405 /* Assets.xcassets */; };
		803ADC9524C682580061B405 /* LaunchScreen.storyboard in Resources */ = {isa = PBXBuildFile; fileRef = 803ADC9324C682580061B405 /* LaunchScreen.storyboard */; };
		803ADC9E24C68BF40061B405 /* CustomBorderButton.swift in Sources */ = {isa = PBXBuildFile; fileRef = 803ADC9D24C68BF40061B405 /* CustomBorderButton.swift */; };
		803ADCA424C6BB010061B405 /* SkillVC.swift in Sources */ = {isa = PBXBuildFile; fileRef = 803ADCA324C6BB010061B405 /* SkillVC.swift */; };
		803ADCA624C6BDB80061B405 /* LeagueVC.swift in Sources */ = {isa = PBXBuildFile; fileRef = 803ADCA524C6BDB80061B405 /* LeagueVC.swift */; };
/* End PBXBuildFile section */

/* Begin PBXFileReference section */
		803ADC8524C6824F0061B405 /* Swoosh.app */ = {isa = PBXFileReference; explicitFileType = wrapper.application; includeInIndex = 0; path = Swoosh.app; sourceTree = BUILT_PRODUCTS_DIR; };
		803ADC8824C6824F0061B405 /* AppDelegate.swift */ = {isa = PBXFileReference; lastKnownFileType = sourcecode.swift; path = AppDelegate.swift; sourceTree = "<group>"; };
		803ADC8A24C6824F0061B405 /* SceneDelegate.swift */ = {isa = PBXFileReference; lastKnownFileType = sourcecode.swift; path = SceneDelegate.swift; sourceTree = "<group>"; };
		803ADC8C24C6824F0061B405 /* WelcomeVC.swift */ = {isa = PBXFileReference; lastKnownFileType = sourcecode.swift; path = WelcomeVC.swift; sourceTree = "<group>"; };
		803ADC8F24C6824F0061B405 /* Base */ = {isa = PBXFileReference; lastKnownFileType = file.storyboard; name = Base; path = Base.lproj/Main.storyboard; sourceTree = "<group>"; };
		803ADC9124C682580061B405 /* Assets.xcassets */ = {isa = PBXFileReference; lastKnownFileType = folder.assetcatalog; path = Assets.xcassets; sourceTree = "<group>"; };
		803ADC9424C682580061B405 /* Base */ = {isa = PBXFileReference; lastKnownFileType = file.storyboard; name = Base; path = Base.lproj/LaunchScreen.storyboard; sourceTree = "<group>"; };
		803ADC9624C682580061B405 /* Info.plist */ = {isa = PBXFileReference; lastKnownFileType = text.plist.xml; path = Info.plist; sourceTree = "<group>"; };
		803ADC9D24C68BF40061B405 /* CustomBorderButton.swift */ = {isa = PBXFileReference; lastKnownFileType = sourcecode.swift; path = CustomBorderButton.swift; sourceTree = "<group>"; };
		803ADCA324C6BB010061B405 /* SkillVC.swift */ = {isa = PBXFileReference; lastKnownFileType = sourcecode.swift; path = SkillVC.swift; sourceTree = "<group>"; };
		803ADCA524C6BDB80061B405 /* LeagueVC.swift */ = {isa = PBXFileReference; lastKnownFileType = sourcecode.swift; path = LeagueVC.swift; sourceTree = "<group>"; };
/* End PBXFileReference section */

/* Begin PBXFrameworksBuildPhase section */
		803ADC8224C6824F0061B405 /* Frameworks */ = {
			isa = PBXFrameworksBuildPhase;
			buildActionMask = 2147483647;
			files = (
			);
			runOnlyForDeploymentPostprocessing = 0;
		};
/* End PBXFrameworksBuildPhase section */

/* Begin PBXGroup section */
		803ADC7C24C6824E0061B405 = {
			isa = PBXGroup;
			children = (
				803ADC8724C6824F0061B405 /* Swoosh */,
				803ADC8624C6824F0061B405 /* Products */,
			);
			sourceTree = "<group>";
		};
		803ADC8624C6824F0061B405 /* Products */ = {
			isa = PBXGroup;
			children = (
				803ADC8524C6824F0061B405 /* Swoosh.app */,
			);
			name = Products;
			sourceTree = "<group>";
		};
		803ADC8724C6824F0061B405 /* Swoosh */ = {
			isa = PBXGroup;
			children = (
				803ADCA024C6B9C90061B405 /* Model */,
				803ADC9F24C6B9C20061B405 /* Controller */,
				803ADC9C24C68BC70061B405 /* View */,
				803ADC8824C6824F0061B405 /* AppDelegate.swift */,
				803ADC8A24C6824F0061B405 /* SceneDelegate.swift */,
				803ADC8E24C6824F0061B405 /* Main.storyboard */,
				803ADC9124C682580061B405 /* Assets.xcassets */,
				803ADC9324C682580061B405 /* LaunchScreen.storyboard */,
				803ADC9624C682580061B405 /* Info.plist */,
			);
			path = Swoosh;
			sourceTree = "<group>";
		};
		803ADC9C24C68BC70061B405 /* View */ = {
			isa = PBXGroup;
			children = (
				803ADC9D24C68BF40061B405 /* CustomBorderButton.swift */,
			);
			path = View;
			sourceTree = "<group>";
		};
		803ADC9F24C6B9C20061B405 /* Controller */ = {
			isa = PBXGroup;
			children = (
				803ADC8C24C6824F0061B405 /* WelcomeVC.swift */,
				803ADCA324C6BB010061B405 /* SkillVC.swift */,
				803ADCA524C6BDB80061B405 /* LeagueVC.swift */,
			);
			path = Controller;
			sourceTree = "<group>";
		};
		803ADCA024C6B9C90061B405 /* Model */ = {
			isa = PBXGroup;
			children = (
			);
			path = Model;
			sourceTree = "<group>";
		};
/* End PBXGroup section */

/* Begin PBXNativeTarget section */
		803ADC8424C6824F0061B405 /* Swoosh */ = {
			isa = PBXNativeTarget;
			buildConfigurationList = 803ADC9924C682580061B405 /* Build configuration list for PBXNativeTarget "Swoosh" */;
			buildPhases = (
				803ADC8124C6824F0061B405 /* Sources */,
				803ADC8224C6824F0061B405 /* Frameworks */,
				803ADC8324C6824F0061B405 /* Resources */,
			);
			buildRules = (
			);
			dependencies = (
			);
			name = Swoosh;
			productName = Swoosh;
			productReference = 803ADC8524C6824F0061B405 /* Swoosh.app */;
			productType = "com.apple.product-type.application";
		};
/* End PBXNativeTarget section */

/* Begin PBXProject section */
		803ADC7D24C6824E0061B405 /* Project object */ = {
			isa = PBXProject;
			attributes = {
				LastSwiftUpdateCheck = 1150;
				LastUpgradeCheck = 1150;
				ORGANIZATIONNAME = "Sai Raghu Varma Kallepalli";
				TargetAttributes = {
					803ADC8424C6824F0061B405 = {
						CreatedOnToolsVersion = 11.5;
					};
				};
			};
			buildConfigurationList = 803ADC8024C6824E0061B405 /* Build configuration list for PBXProject "Swoosh" */;
			compatibilityVersion = "Xcode 9.3";
			developmentRegion = en;
			hasScannedForEncodings = 0;
			knownRegions = (
				en,
				Base,
			);
			mainGroup = 803ADC7C24C6824E0061B405;
			productRefGroup = 803ADC8624C6824F0061B405 /* Products */;
			projectDirPath = "";
			projectRoot = "";
			targets = (
				803ADC8424C6824F0061B405 /* Swoosh */,
			);
		};
/* End PBXProject section */

/* Begin PBXResourcesBuildPhase section */
		803ADC8324C6824F0061B405 /* Resources */ = {
			isa = PBXResourcesBuildPhase;
			buildActionMask = 2147483647;
			files = (
				803ADC9524C682580061B405 /* LaunchScreen.storyboard in Resources */,
				803ADC9224C682580061B405 /* Assets.xcassets in Resources */,
				803ADC9024C6824F0061B405 /* Main.storyboard in Resources */,
			);
			runOnlyForDeploymentPostprocessing = 0;
		};
/* End PBXResourcesBuildPhase section */

/* Begin PBXSourcesBuildPhase section */
		803ADC8124C6824F0061B405 /* Sources */ = {
			isa = PBXSourcesBuildPhase;
			buildActionMask = 2147483647;
			files = (
				803ADC9E24C68BF40061B405 /* CustomBorderButton.swift in Sources */,
				803ADC8D24C6824F0061B405 /* WelcomeVC.swift in Sources */,
				803ADC8924C6824F0061B405 /* AppDelegate.swift in Sources */,
				803ADC8B24C6824F0061B405 /* SceneDelegate.swift in Sources */,
				803ADCA424C6BB010061B405 /* SkillVC.swift in Sources */,
				803ADCA624C6BDB80061B405 /* LeagueVC.swift in Sources */,
			);
			runOnlyForDeploymentPostprocessing = 0;
		};
/* End PBXSourcesBuildPhase section */

/* Begin PBXVariantGroup section */
		803ADC8E24C6824F0061B405 /* Main.storyboard */ = {
			isa = PBXVariantGroup;
			children = (
				803ADC8F24C6824F0061B405 /* Base */,
			);
			name = Main.storyboard;
			sourceTree = "<group>";
		};
		803ADC9324C682580061B405 /* LaunchScreen.storyboard */ = {
			isa = PBXVariantGroup;
			children = (
				803ADC9424C682580061B405 /* Base */,
			);
			name = LaunchScreen.storyboard;
			sourceTree = "<group>";
		};
/* End PBXVariantGroup section */

/* Begin XCBuildConfiguration section */
		803ADC9724C682580061B405 /* Debug */ = {
			isa = XCBuildConfiguration;
			buildSettings = {
				ALWAYS_SEARCH_USER_PATHS = NO;
				CLANG_ANALYZER_NONNULL = YES;
				CLANG_ANALYZER_NUMBER_OBJECT_CONVERSION = YES_AGGRESSIVE;
				CLANG_CXX_LANGUAGE_STANDARD = "gnu++14";
				CLANG_CXX_LIBRARY = "libc++";
				CLANG_ENABLE_MODULES = YES;
				CLANG_ENABLE_OBJC_ARC = YES;
				CLANG_ENABLE_OBJC_WEAK = YES;
				CLANG_WARN_BLOCK_CAPTURE_AUTORELEASING = YES;
				CLANG_WARN_BOOL_CONVERSION = YES;
				CLANG_WARN_COMMA = YES;
				CLANG_WARN_CONSTANT_CONVERSION = YES;
				CLANG_WARN_DEPRECATED_OBJC_IMPLEMENTATIONS = YES;
				CLANG_WARN_DIRECT_OBJC_ISA_USAGE = YES_ERROR;
				CLANG_WARN_DOCUMENTATION_COMMENTS = YES;
				CLANG_WARN_EMPTY_BODY = YES;
				CLANG_WARN_ENUM_CONVERSION = YES;
				CLANG_WARN_INFINITE_RECURSION = YES;
				CLANG_WARN_INT_CONVERSION = YES;
				CLANG_WARN_NON_LITERAL_NULL_CONVERSION = YES;
				CLANG_WARN_OBJC_IMPLICIT_RETAIN_SELF = YES;
				CLANG_WARN_OBJC_LITERAL_CONVERSION = YES;
				CLANG_WARN_OBJC_ROOT_CLASS = YES_ERROR;
				CLANG_WARN_RANGE_LOOP_ANALYSIS = YES;
				CLANG_WARN_STRICT_PROTOTYPES = YES;
				CLANG_WARN_SUSPICIOUS_MOVE = YES;
				CLANG_WARN_UNGUARDED_AVAILABILITY = YES_AGGRESSIVE;
				CLANG_WARN_UNREACHABLE_CODE = YES;
				CLANG_WARN__DUPLICATE_METHOD_MATCH = YES;
				COPY_PHASE_STRIP = NO;
				DEBUG_INFORMATION_FORMAT = dwarf;
				ENABLE_STRICT_OBJC_MSGSEND = YES;
				ENABLE_TESTABILITY = YES;
				GCC_C_LANGUAGE_STANDARD = gnu11;
				GCC_DYNAMIC_NO_PIC = NO;
				GCC_NO_COMMON_BLOCKS = YES;
				GCC_OPTIMIZATION_LEVEL = 0;
				GCC_PREPROCESSOR_DEFINITIONS = (
					"DEBUG=1",
					"$(inherited)",
				);
				GCC_WARN_64_TO_32_BIT_CONVERSION = YES;
				GCC_WARN_ABOUT_RETURN_TYPE = YES_ERROR;
				GCC_WARN_UNDECLARED_SELECTOR = YES;
				GCC_WARN_UNINITIALIZED_AUTOS = YES_AGGRESSIVE;
				GCC_WARN_UNUSED_FUNCTION = YES;
				GCC_WARN_UNUSED_VARIABLE = YES;
				IPHONEOS_DEPLOYMENT_TARGET = 13.5;
				MTL_ENABLE_DEBUG_INFO = INCLUDE_SOURCE;
				MTL_FAST_MATH = YES;
				ONLY_ACTIVE_ARCH = YES;
				SDKROOT = iphoneos;
				SWIFT_ACTIVE_COMPILATION_CONDITIONS = DEBUG;
				SWIFT_OPTIMIZATION_LEVEL = "-Onone";
			};
			name = Debug;
		};
		803ADC9824C682580061B405 /* Release */ = {
			isa = XCBuildConfiguration;
			buildSettings = {
				ALWAYS_SEARCH_USER_PATHS = NO;
				CLANG_ANALYZER_NONNULL = YES;
				CLANG_ANALYZER_NUMBER_OBJECT_CONVERSION = YES_AGGRESSIVE;
				CLANG_CXX_LANGUAGE_STANDARD = "gnu++14";
				CLANG_CXX_LIBRARY = "libc++";
				CLANG_ENABLE_MODULES = YES;
				CLANG_ENABLE_OBJC_ARC = YES;
				CLANG_ENABLE_OBJC_WEAK = YES;
				CLANG_WARN_BLOCK_CAPTURE_AUTORELEASING = YES;
				CLANG_WARN_BOOL_CONVERSION = YES;
				CLANG_WARN_COMMA = YES;
				CLANG_WARN_CONSTANT_CONVERSION = YES;
				CLANG_WARN_DEPRECATED_OBJC_IMPLEMENTATIONS = YES;
				CLANG_WARN_DIRECT_OBJC_ISA_USAGE = YES_ERROR;
				CLANG_WARN_DOCUMENTATION_COMMENTS = YES;
				CLANG_WARN_EMPTY_BODY = YES;
				CLANG_WARN_ENUM_CONVERSION = YES;
				CLANG_WARN_INFINITE_RECURSION = YES;
				CLANG_WARN_INT_CONVERSION = YES;
				CLANG_WARN_NON_LITERAL_NULL_CONVERSION = YES;
				CLANG_WARN_OBJC_IMPLICIT_RETAIN_SELF = YES;
				CLANG_WARN_OBJC_LITERAL_CONVERSION = YES;
				CLANG_WARN_OBJC_ROOT_CLASS = YES_ERROR;
				CLANG_WARN_RANGE_LOOP_ANALYSIS = YES;
				CLANG_WARN_STRICT_PROTOTYPES = YES;
				CLANG_WARN_SUSPICIOUS_MOVE = YES;
				CLANG_WARN_UNGUARDED_AVAILABILITY = YES_AGGRESSIVE;
				CLANG_WARN_UNREACHABLE_CODE = YES;
				CLANG_WARN__DUPLICATE_METHOD_MATCH = YES;
				COPY_PHASE_STRIP = NO;
				DEBUG_INFORMATION_FORMAT = "dwarf-with-dsym";
				ENABLE_NS_ASSERTIONS = NO;
				ENABLE_STRICT_OBJC_MSGSEND = YES;
				GCC_C_LANGUAGE_STANDARD = gnu11;
				GCC_NO_COMMON_BLOCKS = YES;
				GCC_WARN_64_TO_32_BIT_CONVERSION = YES;
				GCC_WARN_ABOUT_RETURN_TYPE = YES_ERROR;
				GCC_WARN_UNDECLARED_SELECTOR = YES;
				GCC_WARN_UNINITIALIZED_AUTOS = YES_AGGRESSIVE;
				GCC_WARN_UNUSED_FUNCTION = YES;
				GCC_WARN_UNUSED_VARIABLE = YES;
				IPHONEOS_DEPLOYMENT_TARGET = 13.5;
				MTL_ENABLE_DEBUG_INFO = NO;
				MTL_FAST_MATH = YES;
				SDKROOT = iphoneos;
				SWIFT_COMPILATION_MODE = wholemodule;
				SWIFT_OPTIMIZATION_LEVEL = "-O";
				VALIDATE_PRODUCT = YES;
			};
			name = Release;
		};
		803ADC9A24C682580061B405 /* Debug */ = {
			isa = XCBuildConfiguration;
			buildSettings = {
				ASSETCATALOG_COMPILER_APPICON_NAME = AppIcon;
				CODE_SIGN_STYLE = Automatic;
				INFOPLIST_FILE = Swoosh/Info.plist;
				LD_RUNPATH_SEARCH_PATHS = (
					"$(inherited)",
					"@executable_path/Frameworks",
				);
				PRODUCT_BUNDLE_IDENTIFIER = com.raghu.Swoosh;
				PRODUCT_NAME = "$(TARGET_NAME)";
				SWIFT_VERSION = 5.0;
				TARGETED_DEVICE_FAMILY = "1,2";
			};
			name = Debug;
		};
		803ADC9B24C682580061B405 /* Release */ = {
			isa = XCBuildConfiguration;
			buildSettings = {
				ASSETCATALOG_COMPILER_APPICON_NAME = AppIcon;
				CODE_SIGN_STYLE = Automatic;
				INFOPLIST_FILE = Swoosh/Info.plist;
				LD_RUNPATH_SEARCH_PATHS = (
					"$(inherited)",
					"@executable_path/Frameworks",
				);
				PRODUCT_BUNDLE_IDENTIFIER = com.raghu.Swoosh;
				PRODUCT_NAME = "$(TARGET_NAME)";
				SWIFT_VERSION = 5.0;
				TARGETED_DEVICE_FAMILY = "1,2";
			};
			name = Release;
		};
/* End XCBuildConfiguration section */

/* Begin XCConfigurationList section */
		803ADC8024C6824E0061B405 /* Build configuration list for PBXProject "Swoosh" */ = {
			isa = XCConfigurationList;
			buildConfigurations = (
				803ADC9724C682580061B405 /* Debug */,
				803ADC9824C682580061B405 /* Release */,
			);
			defaultConfigurationIsVisible = 0;
			defaultConfigurationName = Release;
		};
		803ADC9924C682580061B405 /* Build configuration list for PBXNativeTarget "Swoosh" */ = {
			isa = XCConfigurationList;
			buildConfigurations = (
				803ADC9A24C682580061B405 /* Debug */,
				803ADC9B24C682580061B405 /* Release */,
			);
			defaultConfigurationIsVisible = 0;
			defaultConfigurationName = Release;
		};
/* End XCConfigurationList section */
	};
	rootObject = 803ADC7D24C6824E0061B405 /* Project object */;
}
